
Microsoft Visual Studio Solution File, Format Version 11.00
# Visual Studio 2010
Project("{FAE04EC0-301F-11D3-BF4B-00C04F79EFBC}") = "MediaStorage", "MediaStorage.csproj", "{EF4221B8-D4F9-4846-AA52-66F610EE65B4}"
EndProject
Global
	GlobalSection(SolutionConfigurationPlatforms) = preSolution
		Debug|Any CPU = Debug|Any CPU
		Release|Any CPU = Release|Any CPU
	EndGlobalSection
	GlobalSection(ProjectConfigurationPlatforms) = postSolution
		{EF4221B8-D4F9-4846-AA52-66F610EE65B4}.Debug|Any CPU.ActiveCfg = Debug|Any CPU
		{EF4221B8-D4F9-4846-AA52-66F610EE65B4}.Debug|Any CPU.Build.0 = Debug|Any CPU
		{EF4221B8-D4F9-4846-AA52-66F610EE65B4}.Release|Any CPU.ActiveCfg = Release|Any CPU
		{EF4221B8-D4F9-4846-AA52-66F610EE65B4}.Release|Any CPU.Build.0 = Release|Any CPU
	EndGlobalSection
	GlobalSection(MonoDevelopProperties) = preSolution
		StartupItem = MediaStorage.csproj
		Policies = $0
		$0.StandardHeader = $1
		$1.Text = @\n ${FileName}\n \n Author:\n      ${AuthorName} <${AuthorEmail}>\n\n Copyright (c) ${Year} ${CopyrightHolder}\n\n This library is free software; you can redistribute it and/or modify\n it under the terms of the GNU Lesser General Public License as\n published by the Free Software Foundation; either version 2.1 of the\n License, or (at your option) any later version.\n\n This library is distributed in the hope that it will be useful, but\n WITHOUT ANY WARRANTY; without even the implied warranty of\n MERCHANTABILITY or FITNESS FOR A PARTICULAR PURPOSE. See the GNU\n Lesser General Public License for more details.\n\n You should have received a copy of the GNU Lesser General Public\n License along with this library; if not, write to the Free Software\n Foundation, Inc., 59 Temple Place, Suite 330, Boston, MA 02111-1307 USA
		$1.IncludeInNewFiles = True
		$0.TextStylePolicy = $2
		$2.FileWidth = 120
		$2.RemoveTrailingWhitespace = True
		$2.EolMarker = Unix
		$2.inheritsSet = VisualStudio
		$2.inheritsScope = text/plain
		$0.DotNetNamingPolicy = $3
		$3.DirectoryNamespaceAssociation = PrefixedHierarchical
		$3.ResourceNamePolicy = FileFormatDefault
		description = Client bindings for the media-storage system
	EndGlobalSection
EndGlobal
